
Microsoft Visual Studio Solution File, Format Version 12.00
# Visual Studio Version 16
VisualStudioVersion = 16.0.30413.136
MinimumVisualStudioVersion = 10.0.40219.1
Project("{FAE04EC0-301F-11D3-BF4B-00C04F79EFBC}") = "AdventureWorksSales.Core", "AdventureWorksSales.Core\AdventureWorksSales.Core.csproj", "{EFE0DC43-1B49-4B05-A884-D3ED1A4F1F39}"
EndProject
Project("{FAE04EC0-301F-11D3-BF4B-00C04F79EFBC}") = "AdventureWorksSales.Web", "AdventureWorksSales.Web\AdventureWorksSales.Web.csproj", "{3975AF76-105E-4F5C-AA3B-DAA8B2E5BE13}"
EndProject
Project("{FAE04EC0-301F-11D3-BF4B-00C04F79EFBC}") = "AdventureWorksSales.Services", "AdventureWorksSales.Services\AdventureWorksSales.Services.csproj", "{374327A6-6FC4-4A5E-AFC7-4C411475BFAB}"
EndProject
Project("{FAE04EC0-301F-11D3-BF4B-00C04F79EFBC}") = "AdventureWorksSales.Repository", "AdventureWorksSales.Repository\AdventureWorksSales.Repository.csproj", "{472DB488-9AA4-4F3F-8E87-80B1239D5DA3}"
EndProject
Global
	GlobalSection(SolutionConfigurationPlatforms) = preSolution
		Debug|Any CPU = Debug|Any CPU
		Release|Any CPU = Release|Any CPU
	EndGlobalSection
	GlobalSection(ProjectConfigurationPlatforms) = postSolution
		{EFE0DC43-1B49-4B05-A884-D3ED1A4F1F39}.Debug|Any CPU.ActiveCfg = Debug|Any CPU
		{EFE0DC43-1B49-4B05-A884-D3ED1A4F1F39}.Debug|Any CPU.Build.0 = Debug|Any CPU
		{EFE0DC43-1B49-4B05-A884-D3ED1A4F1F39}.Release|Any CPU.ActiveCfg = Release|Any CPU
		{EFE0DC43-1B49-4B05-A884-D3ED1A4F1F39}.Release|Any CPU.Build.0 = Release|Any CPU
		{3975AF76-105E-4F5C-AA3B-DAA8B2E5BE13}.Debug|Any CPU.ActiveCfg = Debug|Any CPU
		{3975AF76-105E-4F5C-AA3B-DAA8B2E5BE13}.Debug|Any CPU.Build.0 = Debug|Any CPU
		{3975AF76-105E-4F5C-AA3B-DAA8B2E5BE13}.Release|Any CPU.ActiveCfg = Release|Any CPU
		{3975AF76-105E-4F5C-AA3B-DAA8B2E5BE13}.Release|Any CPU.Build.0 = Release|Any CPU
		{374327A6-6FC4-4A5E-AFC7-4C411475BFAB}.Debug|Any CPU.ActiveCfg = Debug|Any CPU
		{374327A6-6FC4-4A5E-AFC7-4C411475BFAB}.Debug|Any CPU.Build.0 = Debug|Any CPU
		{374327A6-6FC4-4A5E-AFC7-4C411475BFAB}.Release|Any CPU.ActiveCfg = Release|Any CPU
		{374327A6-6FC4-4A5E-AFC7-4C411475BFAB}.Release|Any CPU.Build.0 = Release|Any CPU
		{472DB488-9AA4-4F3F-8E87-80B1239D5DA3}.Debug|Any CPU.ActiveCfg = Debug|Any CPU
		{472DB488-9AA4-4F3F-8E87-80B1239D5DA3}.Debug|Any CPU.Build.0 = Debug|Any CPU
		{472DB488-9AA4-4F3F-8E87-80B1239D5DA3}.Release|Any CPU.ActiveCfg = Release|Any CPU
		{472DB488-9AA4-4F3F-8E87-80B1239D5DA3}.Release|Any CPU.Build.0 = Release|Any CPU
	EndGlobalSection
	GlobalSection(SolutionProperties) = preSolution
		HideSolutionNode = FALSE
	EndGlobalSection
	GlobalSection(ExtensibilityGlobals) = postSolution
		SolutionGuid = {F8683E9D-831F-46F7-9DA7-26440239DE3F}
	EndGlobalSection
EndGlobal
